
Microsoft Visual Studio Solution File, Format Version 12.00
# Visual Studio Version 17
VisualStudioVersion = 17.11.35312.102
MinimumVisualStudioVersion = 10.0.40219.1
Project("{9A19103F-16F7-4668-BE54-9A1E7A4F7556}") = "OrderingApp", "OrderingApp\OrderingApp.csproj", "{4D733440-E887-40DF-AF7C-3F924A79A8DC}"
EndProject
Project("{A9E3F50B-275E-4AF7-ADCE-8BE12D41E305}") = "TeamsApp", "TeamsApp\TeamsApp.ttkproj", "{CA2CE5EF-E569-414A-9F15-E20D2B87CE5D}"
EndProject
Project("{9A19103F-16F7-4668-BE54-9A1E7A4F7556}") = "OrderingApp.Logic", "OrderingApp.Logic\OrderingApp.Logic.csproj", "{A479CB6A-1E7E-4728-95B5-CBBCF6D5AC4E}"
EndProject
Project("{9A19103F-16F7-4668-BE54-9A1E7A4F7556}") = "OrderingApp.Data", "OrderingApp.Data\OrderingApp.Data.csproj", "{969C4604-E52A-4101-8653-3D74ED2632FF}"
EndProject
Project("{9A19103F-16F7-4668-BE54-9A1E7A4F7556}") = "OrderingApp.Shared", "OrderingApp.Shared\OrderingApp.Shared.csproj", "{9B2F7488-26A4-4633-A7A6-D8424A9ADD24}"
EndProject
Global
	GlobalSection(SolutionConfigurationPlatforms) = preSolution
		Debug|Any CPU = Debug|Any CPU
		Release|Any CPU = Release|Any CPU
	EndGlobalSection
	GlobalSection(ProjectConfigurationPlatforms) = postSolution
		{4D733440-E887-40DF-AF7C-3F924A79A8DC}.Debug|Any CPU.ActiveCfg = Debug|Any CPU
		{4D733440-E887-40DF-AF7C-3F924A79A8DC}.Debug|Any CPU.Build.0 = Debug|Any CPU
		{4D733440-E887-40DF-AF7C-3F924A79A8DC}.Release|Any CPU.ActiveCfg = Release|Any CPU
		{4D733440-E887-40DF-AF7C-3F924A79A8DC}.Release|Any CPU.Build.0 = Release|Any CPU
		{CA2CE5EF-E569-414A-9F15-E20D2B87CE5D}.Debug|Any CPU.ActiveCfg = Debug|Any CPU
		{CA2CE5EF-E569-414A-9F15-E20D2B87CE5D}.Debug|Any CPU.Build.0 = Debug|Any CPU
		{CA2CE5EF-E569-414A-9F15-E20D2B87CE5D}.Release|Any CPU.ActiveCfg = Release|Any CPU
		{CA2CE5EF-E569-414A-9F15-E20D2B87CE5D}.Release|Any CPU.Build.0 = Release|Any CPU
		{A479CB6A-1E7E-4728-95B5-CBBCF6D5AC4E}.Debug|Any CPU.ActiveCfg = Debug|Any CPU
		{A479CB6A-1E7E-4728-95B5-CBBCF6D5AC4E}.Debug|Any CPU.Build.0 = Debug|Any CPU
		{A479CB6A-1E7E-4728-95B5-CBBCF6D5AC4E}.Release|Any CPU.ActiveCfg = Release|Any CPU
		{A479CB6A-1E7E-4728-95B5-CBBCF6D5AC4E}.Release|Any CPU.Build.0 = Release|Any CPU
		{969C4604-E52A-4101-8653-3D74ED2632FF}.Debug|Any CPU.ActiveCfg = Debug|Any CPU
		{969C4604-E52A-4101-8653-3D74ED2632FF}.Debug|Any CPU.Build.0 = Debug|Any CPU
		{969C4604-E52A-4101-8653-3D74ED2632FF}.Release|Any CPU.ActiveCfg = Release|Any CPU
		{969C4604-E52A-4101-8653-3D74ED2632FF}.Release|Any CPU.Build.0 = Release|Any CPU
		{9B2F7488-26A4-4633-A7A6-D8424A9ADD24}.Debug|Any CPU.ActiveCfg = Debug|Any CPU
		{9B2F7488-26A4-4633-A7A6-D8424A9ADD24}.Debug|Any CPU.Build.0 = Debug|Any CPU
		{9B2F7488-26A4-4633-A7A6-D8424A9ADD24}.Release|Any CPU.ActiveCfg = Release|Any CPU
		{9B2F7488-26A4-4633-A7A6-D8424A9ADD24}.Release|Any CPU.Build.0 = Release|Any CPU
	EndGlobalSection
	GlobalSection(SolutionProperties) = preSolution
		HideSolutionNode = FALSE
	EndGlobalSection
	GlobalSection(ExtensibilityGlobals) = postSolution
		SolutionGuid = {468997B1-65DE-43C5-89AD-6E373AC5EED7}
	EndGlobalSection
EndGlobal
